
Microsoft Visual Studio Solution File, Format Version 12.00
# Visual Studio Version 16
VisualStudioVersion = 16.0.30330.147
MinimumVisualStudioVersion = 15.0.26124.0
Project("{9A19103F-16F7-4668-BE54-9A1E7A4F7556}") = "SuppliesPriceLister", "SuppliesPriceLister\SuppliesPriceLister.csproj", "{5EC131CA-BBEE-45E7-9A60-B06266301DBE}"
EndProject
Project("{FAE04EC0-301F-11D3-BF4B-00C04F79EFBC}") = "Supplies.Test", "Supplies.Test\Supplies.Test.csproj", "{7D045316-B393-42A8-9816-10B4D962B28A}"
EndProject
Global
	GlobalSection(SolutionConfigurationPlatforms) = preSolution
		Debug|Any CPU = Debug|Any CPU
		Release|Any CPU = Release|Any CPU
	EndGlobalSection
	GlobalSection(ProjectConfigurationPlatforms) = postSolution
		{5EC131CA-BBEE-45E7-9A60-B06266301DBE}.Debug|Any CPU.ActiveCfg = Debug|Any CPU
		{5EC131CA-BBEE-45E7-9A60-B06266301DBE}.Debug|Any CPU.Build.0 = Debug|Any CPU
		{5EC131CA-BBEE-45E7-9A60-B06266301DBE}.Release|Any CPU.ActiveCfg = Release|Any CPU
		{5EC131CA-BBEE-45E7-9A60-B06266301DBE}.Release|Any CPU.Build.0 = Release|Any CPU
		{7D045316-B393-42A8-9816-10B4D962B28A}.Debug|Any CPU.ActiveCfg = Debug|Any CPU
		{7D045316-B393-42A8-9816-10B4D962B28A}.Debug|Any CPU.Build.0 = Debug|Any CPU
		{7D045316-B393-42A8-9816-10B4D962B28A}.Release|Any CPU.ActiveCfg = Release|Any CPU
		{7D045316-B393-42A8-9816-10B4D962B28A}.Release|Any CPU.Build.0 = Release|Any CPU
	EndGlobalSection
	GlobalSection(SolutionProperties) = preSolution
		HideSolutionNode = FALSE
	EndGlobalSection
	GlobalSection(ExtensibilityGlobals) = postSolution
		SolutionGuid = {7F3DD8CA-70BB-4886-972A-88C7237181F1}
	EndGlobalSection
EndGlobal
